// !$*UTF8*$!
{
	archiveVersion = 1;
	classes = {
	};
	objectVersion = 50;
	objects = {

/* Begin PBXBuildFile section */
		E94787F32259E356008CB1C8 /* AppDelegate.swift in Sources */ = {isa = PBXBuildFile; fileRef = E94787F22259E356008CB1C8 /* AppDelegate.swift */; };
		E94787F52259E356008CB1C8 /* ViewController.swift in Sources */ = {isa = PBXBuildFile; fileRef = E94787F42259E356008CB1C8 /* ViewController.swift */; };
		E94787F82259E356008CB1C8 /* Main.storyboard in Resources */ = {isa = PBXBuildFile; fileRef = E94787F62259E356008CB1C8 /* Main.storyboard */; };
		E94787FB2259E356008CB1C8 /* FoodTracker.xcdatamodeld in Sources */ = {isa = PBXBuildFile; fileRef = E94787F92259E356008CB1C8 /* FoodTracker.xcdatamodeld */; };
		E94787FD2259E359008CB1C8 /* Assets.xcassets in Resources */ = {isa = PBXBuildFile; fileRef = E94787FC2259E359008CB1C8 /* Assets.xcassets */; };
		E94788002259E359008CB1C8 /* LaunchScreen.storyboard in Resources */ = {isa = PBXBuildFile; fileRef = E94787FE2259E359008CB1C8 /* LaunchScreen.storyboard */; };
		E94788082259ED62008CB1C8 /* CommonFunctions.swift in Sources */ = {isa = PBXBuildFile; fileRef = E94788072259ED62008CB1C8 /* CommonFunctions.swift */; };
		E9D8D27B225D0261006F6552 /* DatabaseHelper.swift in Sources */ = {isa = PBXBuildFile; fileRef = E9D8D27A225D0261006F6552 /* DatabaseHelper.swift */; };
		E9D8D27D225D02F5006F6552 /* CalculationTable.swift in Sources */ = {isa = PBXBuildFile; fileRef = E9D8D27C225D02F5006F6552 /* CalculationTable.swift */; };
		E9D8D280225D0ADC006F6552 /* Calculation.swift in Sources */ = {isa = PBXBuildFile; fileRef = E9D8D27F225D0ADC006F6552 /* Calculation.swift */; };
		E9D8D283225D0EA7006F6552 /* libsqlite3.tbd in Frameworks */ = {isa = PBXBuildFile; fileRef = E9D8D282225D0EA7006F6552 /* libsqlite3.tbd */; };
		E9D8D285225D1C81006F6552 /* CalculationTableViewCell.swift in Sources */ = {isa = PBXBuildFile; fileRef = E9D8D284225D1C81006F6552 /* CalculationTableViewCell.swift */; };
		E9D8D287225D1EFB006F6552 /* CalculationsTableViewController.swift in Sources */ = {isa = PBXBuildFile; fileRef = E9D8D286225D1EFB006F6552 /* CalculationsTableViewController.swift */; };
		E9D8D289225DA050006F6552 /* CalculationPojo.swift in Sources */ = {isa = PBXBuildFile; fileRef = E9D8D288225DA050006F6552 /* CalculationPojo.swift */; };
/* End PBXBuildFile section */

/* Begin PBXFileReference section */
		E94787EF2259E356008CB1C8 /* FoodTracker.app */ = {isa = PBXFileReference; explicitFileType = wrapper.application; includeInIndex = 0; path = FoodTracker.app; sourceTree = BUILT_PRODUCTS_DIR; };
		E94787F22259E356008CB1C8 /* AppDelegate.swift */ = {isa = PBXFileReference; lastKnownFileType = sourcecode.swift; path = AppDelegate.swift; sourceTree = "<group>"; };
		E94787F42259E356008CB1C8 /* ViewController.swift */ = {isa = PBXFileReference; lastKnownFileType = sourcecode.swift; path = ViewController.swift; sourceTree = "<group>"; };
		E94787F72259E356008CB1C8 /* Base */ = {isa = PBXFileReference; lastKnownFileType = file.storyboard; name = Base; path = Base.lproj/Main.storyboard; sourceTree = "<group>"; };
		E94787FA2259E356008CB1C8 /* FoodTracker.xcdatamodel */ = {isa = PBXFileReference; lastKnownFileType = wrapper.xcdatamodel; path = FoodTracker.xcdatamodel; sourceTree = "<group>"; };
		E94787FC2259E359008CB1C8 /* Assets.xcassets */ = {isa = PBXFileReference; lastKnownFileType = folder.assetcatalog; path = Assets.xcassets; sourceTree = "<group>"; };
		E94787FF2259E359008CB1C8 /* Base */ = {isa = PBXFileReference; lastKnownFileType = file.storyboard; name = Base; path = Base.lproj/LaunchScreen.storyboard; sourceTree = "<group>"; };
		E94788012259E359008CB1C8 /* Info.plist */ = {isa = PBXFileReference; lastKnownFileType = text.plist.xml; path = Info.plist; sourceTree = "<group>"; };
		E94788072259ED62008CB1C8 /* CommonFunctions.swift */ = {isa = PBXFileReference; lastKnownFileType = sourcecode.swift; path = CommonFunctions.swift; sourceTree = "<group>"; };
		E9D8D27A225D0261006F6552 /* DatabaseHelper.swift */ = {isa = PBXFileReference; lastKnownFileType = sourcecode.swift; path = DatabaseHelper.swift; sourceTree = "<group>"; };
		E9D8D27C225D02F5006F6552 /* CalculationTable.swift */ = {isa = PBXFileReference; lastKnownFileType = sourcecode.swift; path = CalculationTable.swift; sourceTree = "<group>"; };
		E9D8D27F225D0ADC006F6552 /* Calculation.swift */ = {isa = PBXFileReference; lastKnownFileType = sourcecode.swift; path = Calculation.swift; sourceTree = "<group>"; };
		E9D8D282225D0EA7006F6552 /* libsqlite3.tbd */ = {isa = PBXFileReference; lastKnownFileType = "sourcecode.text-based-dylib-definition"; name = libsqlite3.tbd; path = usr/lib/libsqlite3.tbd; sourceTree = SDKROOT; };
		E9D8D284225D1C81006F6552 /* CalculationTableViewCell.swift */ = {isa = PBXFileReference; lastKnownFileType = sourcecode.swift; path = CalculationTableViewCell.swift; sourceTree = "<group>"; };
		E9D8D286225D1EFB006F6552 /* CalculationsTableViewController.swift */ = {isa = PBXFileReference; lastKnownFileType = sourcecode.swift; path = CalculationsTableViewController.swift; sourceTree = "<group>"; };
		E9D8D288225DA050006F6552 /* CalculationPojo.swift */ = {isa = PBXFileReference; lastKnownFileType = sourcecode.swift; path = CalculationPojo.swift; sourceTree = "<group>"; };
/* End PBXFileReference section */

/* Begin PBXFrameworksBuildPhase section */
		E94787EC2259E356008CB1C8 /* Frameworks */ = {
			isa = PBXFrameworksBuildPhase;
			buildActionMask = 2147483647;
			files = (
				E9D8D283225D0EA7006F6552 /* libsqlite3.tbd in Frameworks */,
			);
			runOnlyForDeploymentPostprocessing = 0;
		};
/* End PBXFrameworksBuildPhase section */

/* Begin PBXGroup section */
		E94787E62259E356008CB1C8 = {
			isa = PBXGroup;
			children = (
				E94787F12259E356008CB1C8 /* FoodTracker */,
				E94787F02259E356008CB1C8 /* Products */,
				E9D8D281225D0EA7006F6552 /* Frameworks */,
			);
			sourceTree = "<group>";
		};
		E94787F02259E356008CB1C8 /* Products */ = {
			isa = PBXGroup;
			children = (
				E94787EF2259E356008CB1C8 /* FoodTracker.app */,
			);
			name = Products;
			sourceTree = "<group>";
		};
		E94787F12259E356008CB1C8 /* FoodTracker */ = {
			isa = PBXGroup;
			children = (
				E94787F22259E356008CB1C8 /* AppDelegate.swift */,
				E94787F42259E356008CB1C8 /* ViewController.swift */,
				E94787F62259E356008CB1C8 /* Main.storyboard */,
				E94787FC2259E359008CB1C8 /* Assets.xcassets */,
				E94787FE2259E359008CB1C8 /* LaunchScreen.storyboard */,
				E94788012259E359008CB1C8 /* Info.plist */,
				E94787F92259E356008CB1C8 /* FoodTracker.xcdatamodeld */,
				E94788072259ED62008CB1C8 /* CommonFunctions.swift */,
				E9D8D27E225D0301006F6552 /* Database */,
				E9D8D284225D1C81006F6552 /* CalculationTableViewCell.swift */,
				E9D8D286225D1EFB006F6552 /* CalculationsTableViewController.swift */,
				E9D8D288225DA050006F6552 /* CalculationPojo.swift */,
			);
			path = FoodTracker;
			sourceTree = "<group>";
		};
		E9D8D27E225D0301006F6552 /* Database */ = {
			isa = PBXGroup;
			children = (
				E9D8D27A225D0261006F6552 /* DatabaseHelper.swift */,
				E9D8D27C225D02F5006F6552 /* CalculationTable.swift */,
				E9D8D27F225D0ADC006F6552 /* Calculation.swift */,
			);
			name = Database;
			sourceTree = "<group>";
		};
		E9D8D281225D0EA7006F6552 /* Frameworks */ = {
			isa = PBXGroup;
			children = (
				E9D8D282225D0EA7006F6552 /* libsqlite3.tbd */,
			);
			name = Frameworks;
			sourceTree = "<group>";
		};
/* End PBXGroup section */

/* Begin PBXNativeTarget section */
		E94787EE2259E356008CB1C8 /* FoodTracker */ = {
			isa = PBXNativeTarget;
			buildConfigurationList = E94788042259E359008CB1C8 /* Build configuration list for PBXNativeTarget "FoodTracker" */;
			buildPhases = (
				E94787EB2259E356008CB1C8 /* Sources */,
				E94787EC2259E356008CB1C8 /* Frameworks */,
				E94787ED2259E356008CB1C8 /* Resources */,
			);
			buildRules = (
			);
			dependencies = (
			);
			name = FoodTracker;
			productName = FoodTracker;
			productReference = E94787EF2259E356008CB1C8 /* FoodTracker.app */;
			productType = "com.apple.product-type.application";
		};
/* End PBXNativeTarget section */

/* Begin PBXProject section */
		E94787E72259E356008CB1C8 /* Project object */ = {
			isa = PBXProject;
			attributes = {
				LastSwiftUpdateCheck = 1020;
				LastUpgradeCheck = 1020;
				ORGANIZATIONNAME = "Yabaze T";
				TargetAttributes = {
					E94787EE2259E356008CB1C8 = {
						CreatedOnToolsVersion = 10.2;
					};
				};
			};
			buildConfigurationList = E94787EA2259E356008CB1C8 /* Build configuration list for PBXProject "FoodTracker" */;
			compatibilityVersion = "Xcode 9.3";
			developmentRegion = en;
			hasScannedForEncodings = 0;
			knownRegions = (
				en,
				Base,
			);
			mainGroup = E94787E62259E356008CB1C8;
			productRefGroup = E94787F02259E356008CB1C8 /* Products */;
			projectDirPath = "";
			projectRoot = "";
			targets = (
				E94787EE2259E356008CB1C8 /* FoodTracker */,
			);
		};
/* End PBXProject section */

/* Begin PBXResourcesBuildPhase section */
		E94787ED2259E356008CB1C8 /* Resources */ = {
			isa = PBXResourcesBuildPhase;
			buildActionMask = 2147483647;
			files = (
				E94788002259E359008CB1C8 /* LaunchScreen.storyboard in Resources */,
				E94787FD2259E359008CB1C8 /* Assets.xcassets in Resources */,
				E94787F82259E356008CB1C8 /* Main.storyboard in Resources */,
			);
			runOnlyForDeploymentPostprocessing = 0;
		};
/* End PBXResourcesBuildPhase section */

/* Begin PBXSourcesBuildPhase section */
		E94787EB2259E356008CB1C8 /* Sources */ = {
			isa = PBXSourcesBuildPhase;
			buildActionMask = 2147483647;
			files = (
				E9D8D287225D1EFB006F6552 /* CalculationsTableViewController.swift in Sources */,
				E9D8D280225D0ADC006F6552 /* Calculation.swift in Sources */,
				E9D8D27D225D02F5006F6552 /* CalculationTable.swift in Sources */,
				E94787F52259E356008CB1C8 /* ViewController.swift in Sources */,
				E9D8D285225D1C81006F6552 /* CalculationTableViewCell.swift in Sources */,
				E9D8D27B225D0261006F6552 /* DatabaseHelper.swift in Sources */,
				E94787F32259E356008CB1C8 /* AppDelegate.swift in Sources */,
				E9D8D289225DA050006F6552 /* CalculationPojo.swift in Sources */,
				E94788082259ED62008CB1C8 /* CommonFunctions.swift in Sources */,
				E94787FB2259E356008CB1C8 /* FoodTracker.xcdatamodeld in Sources */,
			);
			runOnlyForDeploymentPostprocessing = 0;
		};
/* End PBXSourcesBuildPhase section */

/* Begin PBXVariantGroup section */
		E94787F62259E356008CB1C8 /* Main.storyboard */ = {
			isa = PBXVariantGroup;
			children = (
				E94787F72259E356008CB1C8 /* Base */,
			);
			name = Main.storyboard;
			sourceTree = "<group>";
		};
		E94787FE2259E359008CB1C8 /* LaunchScreen.storyboard */ = {
			isa = PBXVariantGroup;
			children = (
				E94787FF2259E359008CB1C8 /* Base */,
			);
			name = LaunchScreen.storyboard;
			sourceTree = "<group>";
		};
/* End PBXVariantGroup section */

/* Begin XCBuildConfiguration section */
		E94788022259E359008CB1C8 /* Debug */ = {
			isa = XCBuildConfiguration;
			buildSettings = {
				ALWAYS_SEARCH_USER_PATHS = NO;
				CLANG_ANALYZER_NONNULL = YES;
				CLANG_ANALYZER_NUMBER_OBJECT_CONVERSION = YES_AGGRESSIVE;
				CLANG_CXX_LANGUAGE_STANDARD = "gnu++14";
				CLANG_CXX_LIBRARY = "libc++";
				CLANG_ENABLE_MODULES = YES;
				CLANG_ENABLE_OBJC_ARC = YES;
				CLANG_ENABLE_OBJC_WEAK = YES;
				CLANG_WARN_BLOCK_CAPTURE_AUTORELEASING = YES;
				CLANG_WARN_BOOL_CONVERSION = YES;
				CLANG_WARN_COMMA = YES;
				CLANG_WARN_CONSTANT_CONVERSION = YES;
				CLANG_WARN_DEPRECATED_OBJC_IMPLEMENTATIONS = YES;
				CLANG_WARN_DIRECT_OBJC_ISA_USAGE = YES_ERROR;
				CLANG_WARN_DOCUMENTATION_COMMENTS = YES;
				CLANG_WARN_EMPTY_BODY = YES;
				CLANG_WARN_ENUM_CONVERSION = YES;
				CLANG_WARN_INFINITE_RECURSION = YES;
				CLANG_WARN_INT_CONVERSION = YES;
				CLANG_WARN_NON_LITERAL_NULL_CONVERSION = YES;
				CLANG_WARN_OBJC_IMPLICIT_RETAIN_SELF = YES;
				CLANG_WARN_OBJC_LITERAL_CONVERSION = YES;
				CLANG_WARN_OBJC_ROOT_CLASS = YES_ERROR;
				CLANG_WARN_RANGE_LOOP_ANALYSIS = YES;
				CLANG_WARN_STRICT_PROTOTYPES = YES;
				CLANG_WARN_SUSPICIOUS_MOVE = YES;
				CLANG_WARN_UNGUARDED_AVAILABILITY = YES_AGGRESSIVE;
				CLANG_WARN_UNREACHABLE_CODE = YES;
				CLANG_WARN__DUPLICATE_METHOD_MATCH = YES;
				CODE_SIGN_IDENTITY = "iPhone Developer";
				COPY_PHASE_STRIP = NO;
				DEBUG_INFORMATION_FORMAT = dwarf;
				ENABLE_STRICT_OBJC_MSGSEND = YES;
				ENABLE_TESTABILITY = YES;
				GCC_C_LANGUAGE_STANDARD = gnu11;
				GCC_DYNAMIC_NO_PIC = NO;
				GCC_NO_COMMON_BLOCKS = YES;
				GCC_OPTIMIZATION_LEVEL = 0;
				GCC_PREPROCESSOR_DEFINITIONS = (
					"DEBUG=1",
					"$(inherited)",
				);
				GCC_WARN_64_TO_32_BIT_CONVERSION = YES;
				GCC_WARN_ABOUT_RETURN_TYPE = YES_ERROR;
				GCC_WARN_UNDECLARED_SELECTOR = YES;
				GCC_WARN_UNINITIALIZED_AUTOS = YES_AGGRESSIVE;
				GCC_WARN_UNUSED_FUNCTION = YES;
				GCC_WARN_UNUSED_VARIABLE = YES;
				IPHONEOS_DEPLOYMENT_TARGET = 12.2;
				MTL_ENABLE_DEBUG_INFO = INCLUDE_SOURCE;
				MTL_FAST_MATH = YES;
				ONLY_ACTIVE_ARCH = YES;
				SDKROOT = iphoneos;
				SWIFT_ACTIVE_COMPILATION_CONDITIONS = DEBUG;
				SWIFT_OPTIMIZATION_LEVEL = "-Onone";
			};
			name = Debug;
		};
		E94788032259E359008CB1C8 /* Release */ = {
			isa = XCBuildConfiguration;
			buildSettings = {
				ALWAYS_SEARCH_USER_PATHS = NO;
				CLANG_ANALYZER_NONNULL = YES;
				CLANG_ANALYZER_NUMBER_OBJECT_CONVERSION = YES_AGGRESSIVE;
				CLANG_CXX_LANGUAGE_STANDARD = "gnu++14";
				CLANG_CXX_LIBRARY = "libc++";
				CLANG_ENABLE_MODULES = YES;
				CLANG_ENABLE_OBJC_ARC = YES;
				CLANG_ENABLE_OBJC_WEAK = YES;
				CLANG_WARN_BLOCK_CAPTURE_AUTORELEASING = YES;
				CLANG_WARN_BOOL_CONVERSION = YES;
				CLANG_WARN_COMMA = YES;
				CLANG_WARN_CONSTANT_CONVERSION = YES;
				CLANG_WARN_DEPRECATED_OBJC_IMPLEMENTATIONS = YES;
				CLANG_WARN_DIRECT_OBJC_ISA_USAGE = YES_ERROR;
				CLANG_WARN_DOCUMENTATION_COMMENTS = YES;
				CLANG_WARN_EMPTY_BODY = YES;
				CLANG_WARN_ENUM_CONVERSION = YES;
				CLANG_WARN_INFINITE_RECURSION = YES;
				CLANG_WARN_INT_CONVERSION = YES;
				CLANG_WARN_NON_LITERAL_NULL_CONVERSION = YES;
				CLANG_WARN_OBJC_IMPLICIT_RETAIN_SELF = YES;
				CLANG_WARN_OBJC_LITERAL_CONVERSION = YES;
				CLANG_WARN_OBJC_ROOT_CLASS = YES_ERROR;
				CLANG_WARN_RANGE_LOOP_ANALYSIS = YES;
				CLANG_WARN_STRICT_PROTOTYPES = YES;
				CLANG_WARN_SUSPICIOUS_MOVE = YES;
				CLANG_WARN_UNGUARDED_AVAILABILITY = YES_AGGRESSIVE;
				CLANG_WARN_UNREACHABLE_CODE = YES;
				CLANG_WARN__DUPLICATE_METHOD_MATCH = YES;
				CODE_SIGN_IDENTITY = "iPhone Developer";
				COPY_PHASE_STRIP = NO;
				DEBUG_INFORMATION_FORMAT = "dwarf-with-dsym";
				ENABLE_NS_ASSERTIONS = NO;
				ENABLE_STRICT_OBJC_MSGSEND = YES;
				GCC_C_LANGUAGE_STANDARD = gnu11;
				GCC_NO_COMMON_BLOCKS = YES;
				GCC_WARN_64_TO_32_BIT_CONVERSION = YES;
				GCC_WARN_ABOUT_RETURN_TYPE = YES_ERROR;
				GCC_WARN_UNDECLARED_SELECTOR = YES;
				GCC_WARN_UNINITIALIZED_AUTOS = YES_AGGRESSIVE;
				GCC_WARN_UNUSED_FUNCTION = YES;
				GCC_WARN_UNUSED_VARIABLE = YES;
				IPHONEOS_DEPLOYMENT_TARGET = 12.2;
				MTL_ENABLE_DEBUG_INFO = NO;
				MTL_FAST_MATH = YES;
				SDKROOT = iphoneos;
				SWIFT_COMPILATION_MODE = wholemodule;
				SWIFT_OPTIMIZATION_LEVEL = "-O";
				VALIDATE_PRODUCT = YES;
			};
			name = Release;
		};
		E94788052259E359008CB1C8 /* Debug */ = {
			isa = XCBuildConfiguration;
			buildSettings = {
				ASSETCATALOG_COMPILER_APPICON_NAME = AppIcon;
				CODE_SIGN_IDENTITY = "iPhone Developer";
				CODE_SIGN_STYLE = Automatic;
				DEVELOPMENT_TEAM = "";
				INFOPLIST_FILE = FoodTracker/Info.plist;
				LD_RUNPATH_SEARCH_PATHS = (
					"$(inherited)",
					"@executable_path/Frameworks",
				);
				PRODUCT_BUNDLE_IDENTIFIER = com.agni.FoodTracker;
				PRODUCT_NAME = "$(TARGET_NAME)";
				PROVISIONING_PROFILE_SPECIFIER = "";
				SWIFT_VERSION = 5.0;
				TARGETED_DEVICE_FAMILY = "1,2";
			};
			name = Debug;
		};
		E94788062259E359008CB1C8 /* Release */ = {
			isa = XCBuildConfiguration;
			buildSettings = {
				ASSETCATALOG_COMPILER_APPICON_NAME = AppIcon;
				CODE_SIGN_IDENTITY = "iPhone Developer";
				CODE_SIGN_STYLE = Automatic;
				DEVELOPMENT_TEAM = "";
				INFOPLIST_FILE = FoodTracker/Info.plist;
				LD_RUNPATH_SEARCH_PATHS = (
					"$(inherited)",
					"@executable_path/Frameworks",
				);
				PRODUCT_BUNDLE_IDENTIFIER = com.agni.FoodTracker;
				PRODUCT_NAME = "$(TARGET_NAME)";
				PROVISIONING_PROFILE_SPECIFIER = "";
				SWIFT_VERSION = 5.0;
				TARGETED_DEVICE_FAMILY = "1,2";
			};
			name = Release;
		};
/* End XCBuildConfiguration section */

/* Begin XCConfigurationList section */
		E94787EA2259E356008CB1C8 /* Build configuration list for PBXProject "FoodTracker" */ = {
			isa = XCConfigurationList;
			buildConfigurations = (
				E94788022259E359008CB1C8 /* Debug */,
				E94788032259E359008CB1C8 /* Release */,
			);
			defaultConfigurationIsVisible = 0;
			defaultConfigurationName = Release;
		};
		E94788042259E359008CB1C8 /* Build configuration list for PBXNativeTarget "FoodTracker" */ = {
			isa = XCConfigurationList;
			buildConfigurations = (
				E94788052259E359008CB1C8 /* Debug */,
				E94788062259E359008CB1C8 /* Release */,
			);
			defaultConfigurationIsVisible = 0;
			defaultConfigurationName = Release;
		};
/* End XCConfigurationList section */

/* Begin XCVersionGroup section */
		E94787F92259E356008CB1C8 /* FoodTracker.xcdatamodeld */ = {
			isa = XCVersionGroup;
			children = (
				E94787FA2259E356008CB1C8 /* FoodTracker.xcdatamodel */,
			);
			currentVersion = E94787FA2259E356008CB1C8 /* FoodTracker.xcdatamodel */;
			path = FoodTracker.xcdatamodeld;
			sourceTree = "<group>";
			versionGroupType = wrapper.xcdatamodel;
		};
/* End XCVersionGroup section */
	};
	rootObject = E94787E72259E356008CB1C8 /* Project object */;
}
